
Microsoft Visual Studio Solution File, Format Version 12.00
# Visual Studio Version 17
VisualStudioVersion = 17.10.35013.160
MinimumVisualStudioVersion = 10.0.40219.1
Project("{2150E333-8FDC-42A3-9474-1A3956D46DE8}") = "Services", "Services", "{64F2CFEC-812B-4C86-96E1-BE0D9D3B0700}"
EndProject
Project("{2150E333-8FDC-42A3-9474-1A3956D46DE8}") = "Catalog", "Catalog", "{735169C1-B37D-402C-99CC-72ADD15C5CD8}"
EndProject
Project("{FAE04EC0-301F-11D3-BF4B-00C04F79EFBC}") = "Catalog.API", "Services\Catalog\Catalog.API\Catalog.API.csproj", "{9B369C4F-BC89-4027-8017-7FEDCEDE91F6}"
EndProject
Global
	GlobalSection(SolutionConfigurationPlatforms) = preSolution
		Debug|Any CPU = Debug|Any CPU
		Release|Any CPU = Release|Any CPU
	EndGlobalSection
	GlobalSection(ProjectConfigurationPlatforms) = postSolution
		{9B369C4F-BC89-4027-8017-7FEDCEDE91F6}.Debug|Any CPU.ActiveCfg = Debug|Any CPU
		{9B369C4F-BC89-4027-8017-7FEDCEDE91F6}.Debug|Any CPU.Build.0 = Debug|Any CPU
		{9B369C4F-BC89-4027-8017-7FEDCEDE91F6}.Release|Any CPU.ActiveCfg = Release|Any CPU
		{9B369C4F-BC89-4027-8017-7FEDCEDE91F6}.Release|Any CPU.Build.0 = Release|Any CPU
	EndGlobalSection
	GlobalSection(SolutionProperties) = preSolution
		HideSolutionNode = FALSE
	EndGlobalSection
	GlobalSection(NestedProjects) = preSolution
		{735169C1-B37D-402C-99CC-72ADD15C5CD8} = {64F2CFEC-812B-4C86-96E1-BE0D9D3B0700}
		{9B369C4F-BC89-4027-8017-7FEDCEDE91F6} = {735169C1-B37D-402C-99CC-72ADD15C5CD8}
	EndGlobalSection
	GlobalSection(ExtensibilityGlobals) = postSolution
		SolutionGuid = {006E01C1-B257-40EC-953D-43A970D00117}
	EndGlobalSection
EndGlobal
